// !$*UTF8*$!
{
	archiveVersion = 1;
	classes = {
	};
	objectVersion = 50;
	objects = {

/* Begin PBXBuildFile section */
		C1240A06246FB4E800403416 /* BreedsListInteractor.swift in Sources */ = {isa = PBXBuildFile; fileRef = C1240A05246FB4E800403416 /* BreedsListInteractor.swift */; };
		C1240A08246FB4F600403416 /* BreedsListPresenter.swift in Sources */ = {isa = PBXBuildFile; fileRef = C1240A07246FB4F600403416 /* BreedsListPresenter.swift */; };
		C1240A0A246FB50700403416 /* BreedsListViewModel.swift in Sources */ = {isa = PBXBuildFile; fileRef = C1240A09246FB50700403416 /* BreedsListViewModel.swift */; };
		C1240A0C246FB54100403416 /*  BreedsList.storyboard in Resources */ = {isa = PBXBuildFile; fileRef = C1240A0B246FB54100403416 /*  BreedsList.storyboard */; };
		C1240A0E246FB5DB00403416 /* Quiz.storyboard in Resources */ = {isa = PBXBuildFile; fileRef = C1240A0D246FB5DB00403416 /* Quiz.storyboard */; };
		C1240A10246FB5FB00403416 /* Gallery.storyboard in Resources */ = {isa = PBXBuildFile; fileRef = C1240A0F246FB5FB00403416 /* Gallery.storyboard */; };
		C1240A12246FB62700403416 /* GalleryViewController.swift in Sources */ = {isa = PBXBuildFile; fileRef = C1240A11246FB62700403416 /* GalleryViewController.swift */; };
		C1240A18246FB7D600403416 /* Main.storyboard in Resources */ = {isa = PBXBuildFile; fileRef = C1240A16246FB7D600403416 /* Main.storyboard */; };
		C1240A1A246FB7FD00403416 /* NetworkManager.swift in Sources */ = {isa = PBXBuildFile; fileRef = C1240A19246FB7FD00403416 /* NetworkManager.swift */; };
		C1240A1C246FBB8E00403416 /* ShortImageModel.swift in Sources */ = {isa = PBXBuildFile; fileRef = C1240A1B246FBB8E00403416 /* ShortImageModel.swift */; };
		C1240A1F246FBBB700403416 /* BreedModel.swift in Sources */ = {isa = PBXBuildFile; fileRef = C1240A1E246FBBB700403416 /* BreedModel.swift */; };
		C1240A21246FBC4F00403416 /* ShortBreedModel.swift in Sources */ = {isa = PBXBuildFile; fileRef = C1240A20246FBC4F00403416 /* ShortBreedModel.swift */; };
		C1240A23246FC10800403416 /* ApiResponse.swift in Sources */ = {isa = PBXBuildFile; fileRef = C1240A22246FC10800403416 /* ApiResponse.swift */; };
		C1240A26246FC7AD00403416 /* UIImageView.swift in Sources */ = {isa = PBXBuildFile; fileRef = C1240A25246FC7AD00403416 /* UIImageView.swift */; };
		C1240A28246FCC0600403416 /* BreedDetail.storyboard in Resources */ = {isa = PBXBuildFile; fileRef = C1240A27246FCC0600403416 /* BreedDetail.storyboard */; };
		C1240A2A246FCD1600403416 /* BreedDetailViewController.swift in Sources */ = {isa = PBXBuildFile; fileRef = C1240A29246FCD1600403416 /* BreedDetailViewController.swift */; };
		C1240A2C2470109B00403416 /* BreedDetailInteractor.swift in Sources */ = {isa = PBXBuildFile; fileRef = C1240A2B2470109B00403416 /* BreedDetailInteractor.swift */; };
		C1240A2E247010A600403416 /* BreedDetailPresenter.swift in Sources */ = {isa = PBXBuildFile; fileRef = C1240A2D247010A600403416 /* BreedDetailPresenter.swift */; };
		C1240A30247010B300403416 /* BreedDetailViewModel.swift in Sources */ = {isa = PBXBuildFile; fileRef = C1240A2F247010B300403416 /* BreedDetailViewModel.swift */; };
		C1240A332470176F00403416 /* GalleryCollectionViewCell.swift in Sources */ = {isa = PBXBuildFile; fileRef = C1240A312470176E00403416 /* GalleryCollectionViewCell.swift */; };
		C1240A3624701B2100403416 /* GalleryInteractor.swift in Sources */ = {isa = PBXBuildFile; fileRef = C1240A3524701B2100403416 /* GalleryInteractor.swift */; };
		C1240A3824701B2C00403416 /* GalleryPresenter.swift in Sources */ = {isa = PBXBuildFile; fileRef = C1240A3724701B2C00403416 /* GalleryPresenter.swift */; };
		C1240A3A24701B3600403416 /* GalleryViewModel.swift in Sources */ = {isa = PBXBuildFile; fileRef = C1240A3924701B3600403416 /* GalleryViewModel.swift */; };
		C1240A3D24701F7100403416 /* FullImage.storyboard in Resources */ = {isa = PBXBuildFile; fileRef = C1240A3C24701F7100403416 /* FullImage.storyboard */; };
		C1240A3F24701F9100403416 /* FullImageViewController.swift in Sources */ = {isa = PBXBuildFile; fileRef = C1240A3E24701F9100403416 /* FullImageViewController.swift */; };
		C1C47097246FB3CC001B8050 /* AppDelegate.swift in Sources */ = {isa = PBXBuildFile; fileRef = C1C47096246FB3CC001B8050 /* AppDelegate.swift */; };
		C1C47099246FB3CC001B8050 /* SceneDelegate.swift in Sources */ = {isa = PBXBuildFile; fileRef = C1C47098246FB3CC001B8050 /* SceneDelegate.swift */; };
		C1C4709B246FB3CC001B8050 /* BreedsListViewController.swift in Sources */ = {isa = PBXBuildFile; fileRef = C1C4709A246FB3CC001B8050 /* BreedsListViewController.swift */; };
		C1C4709D246FB3CC001B8050 /* QuizViewController.swift in Sources */ = {isa = PBXBuildFile; fileRef = C1C4709C246FB3CC001B8050 /* QuizViewController.swift */; };
		C1C470A2246FB3D6001B8050 /* Assets.xcassets in Resources */ = {isa = PBXBuildFile; fileRef = C1C470A1246FB3D6001B8050 /* Assets.xcassets */; };
		C1C470A5246FB3D6001B8050 /* LaunchScreen.storyboard in Resources */ = {isa = PBXBuildFile; fileRef = C1C470A3246FB3D6001B8050 /* LaunchScreen.storyboard */; };
/* End PBXBuildFile section */

/* Begin PBXFileReference section */
		C1240A05246FB4E800403416 /* BreedsListInteractor.swift */ = {isa = PBXFileReference; lastKnownFileType = sourcecode.swift; path = BreedsListInteractor.swift; sourceTree = "<group>"; };
		C1240A07246FB4F600403416 /* BreedsListPresenter.swift */ = {isa = PBXFileReference; lastKnownFileType = sourcecode.swift; path = BreedsListPresenter.swift; sourceTree = "<group>"; };
		C1240A09246FB50700403416 /* BreedsListViewModel.swift */ = {isa = PBXFileReference; lastKnownFileType = sourcecode.swift; path = BreedsListViewModel.swift; sourceTree = "<group>"; };
		C1240A0B246FB54100403416 /*  BreedsList.storyboard */ = {isa = PBXFileReference; lastKnownFileType = file.storyboard; path = " BreedsList.storyboard"; sourceTree = "<group>"; };
		C1240A0D246FB5DB00403416 /* Quiz.storyboard */ = {isa = PBXFileReference; lastKnownFileType = file.storyboard; path = Quiz.storyboard; sourceTree = "<group>"; };
		C1240A0F246FB5FB00403416 /* Gallery.storyboard */ = {isa = PBXFileReference; lastKnownFileType = file.storyboard; path = Gallery.storyboard; sourceTree = "<group>"; };
		C1240A11246FB62700403416 /* GalleryViewController.swift */ = {isa = PBXFileReference; lastKnownFileType = sourcecode.swift; path = GalleryViewController.swift; sourceTree = "<group>"; };
		C1240A17246FB7D600403416 /* Base */ = {isa = PBXFileReference; lastKnownFileType = file.storyboard; name = Base; path = Base.lproj/Main.storyboard; sourceTree = "<group>"; };
		C1240A19246FB7FD00403416 /* NetworkManager.swift */ = {isa = PBXFileReference; lastKnownFileType = sourcecode.swift; path = NetworkManager.swift; sourceTree = "<group>"; };
		C1240A1B246FBB8E00403416 /* ShortImageModel.swift */ = {isa = PBXFileReference; lastKnownFileType = sourcecode.swift; path = ShortImageModel.swift; sourceTree = "<group>"; };
		C1240A1E246FBBB700403416 /* BreedModel.swift */ = {isa = PBXFileReference; lastKnownFileType = sourcecode.swift; path = BreedModel.swift; sourceTree = "<group>"; };
		C1240A20246FBC4F00403416 /* ShortBreedModel.swift */ = {isa = PBXFileReference; lastKnownFileType = sourcecode.swift; path = ShortBreedModel.swift; sourceTree = "<group>"; };
		C1240A22246FC10800403416 /* ApiResponse.swift */ = {isa = PBXFileReference; lastKnownFileType = sourcecode.swift; path = ApiResponse.swift; sourceTree = "<group>"; };
		C1240A25246FC7AD00403416 /* UIImageView.swift */ = {isa = PBXFileReference; lastKnownFileType = sourcecode.swift; path = UIImageView.swift; sourceTree = "<group>"; };
		C1240A27246FCC0600403416 /* BreedDetail.storyboard */ = {isa = PBXFileReference; lastKnownFileType = file.storyboard; path = BreedDetail.storyboard; sourceTree = "<group>"; };
		C1240A29246FCD1600403416 /* BreedDetailViewController.swift */ = {isa = PBXFileReference; lastKnownFileType = sourcecode.swift; path = BreedDetailViewController.swift; sourceTree = "<group>"; };
		C1240A2B2470109B00403416 /* BreedDetailInteractor.swift */ = {isa = PBXFileReference; lastKnownFileType = sourcecode.swift; path = BreedDetailInteractor.swift; sourceTree = "<group>"; };
		C1240A2D247010A600403416 /* BreedDetailPresenter.swift */ = {isa = PBXFileReference; lastKnownFileType = sourcecode.swift; path = BreedDetailPresenter.swift; sourceTree = "<group>"; };
		C1240A2F247010B300403416 /* BreedDetailViewModel.swift */ = {isa = PBXFileReference; lastKnownFileType = sourcecode.swift; path = BreedDetailViewModel.swift; sourceTree = "<group>"; };
		C1240A312470176E00403416 /* GalleryCollectionViewCell.swift */ = {isa = PBXFileReference; lastKnownFileType = sourcecode.swift; path = GalleryCollectionViewCell.swift; sourceTree = "<group>"; };
		C1240A3524701B2100403416 /* GalleryInteractor.swift */ = {isa = PBXFileReference; lastKnownFileType = sourcecode.swift; path = GalleryInteractor.swift; sourceTree = "<group>"; };
		C1240A3724701B2C00403416 /* GalleryPresenter.swift */ = {isa = PBXFileReference; lastKnownFileType = sourcecode.swift; path = GalleryPresenter.swift; sourceTree = "<group>"; };
		C1240A3924701B3600403416 /* GalleryViewModel.swift */ = {isa = PBXFileReference; lastKnownFileType = sourcecode.swift; path = GalleryViewModel.swift; sourceTree = "<group>"; };
		C1240A3C24701F7100403416 /* FullImage.storyboard */ = {isa = PBXFileReference; lastKnownFileType = file.storyboard; path = FullImage.storyboard; sourceTree = "<group>"; };
		C1240A3E24701F9100403416 /* FullImageViewController.swift */ = {isa = PBXFileReference; lastKnownFileType = sourcecode.swift; path = FullImageViewController.swift; sourceTree = "<group>"; };
		C1C47093246FB3CC001B8050 /* KittyCat.app */ = {isa = PBXFileReference; explicitFileType = wrapper.application; includeInIndex = 0; path = KittyCat.app; sourceTree = BUILT_PRODUCTS_DIR; };
		C1C47096246FB3CC001B8050 /* AppDelegate.swift */ = {isa = PBXFileReference; lastKnownFileType = sourcecode.swift; path = AppDelegate.swift; sourceTree = "<group>"; };
		C1C47098246FB3CC001B8050 /* SceneDelegate.swift */ = {isa = PBXFileReference; lastKnownFileType = sourcecode.swift; path = SceneDelegate.swift; sourceTree = "<group>"; };
		C1C4709A246FB3CC001B8050 /* BreedsListViewController.swift */ = {isa = PBXFileReference; lastKnownFileType = sourcecode.swift; path = BreedsListViewController.swift; sourceTree = "<group>"; };
		C1C4709C246FB3CC001B8050 /* QuizViewController.swift */ = {isa = PBXFileReference; lastKnownFileType = sourcecode.swift; path = QuizViewController.swift; sourceTree = "<group>"; };
		C1C470A1246FB3D6001B8050 /* Assets.xcassets */ = {isa = PBXFileReference; lastKnownFileType = folder.assetcatalog; path = Assets.xcassets; sourceTree = "<group>"; };
		C1C470A4246FB3D6001B8050 /* Base */ = {isa = PBXFileReference; lastKnownFileType = file.storyboard; name = Base; path = Base.lproj/LaunchScreen.storyboard; sourceTree = "<group>"; };
		C1C470A6246FB3D6001B8050 /* Info.plist */ = {isa = PBXFileReference; lastKnownFileType = text.plist.xml; path = Info.plist; sourceTree = "<group>"; };
/* End PBXFileReference section */

/* Begin PBXFrameworksBuildPhase section */
		C1C47090246FB3CC001B8050 /* Frameworks */ = {
			isa = PBXFrameworksBuildPhase;
			buildActionMask = 2147483647;
			files = (
			);
			runOnlyForDeploymentPostprocessing = 0;
		};
/* End PBXFrameworksBuildPhase section */

/* Begin PBXGroup section */
		C1240A1D246FBBA800403416 /* Model */ = {
			isa = PBXGroup;
			children = (
				C1240A1E246FBBB700403416 /* BreedModel.swift */,
				C1240A1B246FBB8E00403416 /* ShortImageModel.swift */,
				C1240A20246FBC4F00403416 /* ShortBreedModel.swift */,
				C1240A22246FC10800403416 /* ApiResponse.swift */,
			);
			path = Model;
			sourceTree = "<group>";
		};
		C1240A24246FC4CC00403416 /* Extensions */ = {
			isa = PBXGroup;
			children = (
				C1240A25246FC7AD00403416 /* UIImageView.swift */,
			);
			path = Extensions;
			sourceTree = "<group>";
		};
		C1240A3B24701F5B00403416 /* FullImage */ = {
			isa = PBXGroup;
			children = (
				C1240A3C24701F7100403416 /* FullImage.storyboard */,
				C1240A3E24701F9100403416 /* FullImageViewController.swift */,
			);
			path = FullImage;
			sourceTree = "<group>";
		};
		C1C4708A246FB3CB001B8050 = {
			isa = PBXGroup;
			children = (
				C1C47095246FB3CC001B8050 /* KittyCat */,
				C1C47094246FB3CC001B8050 /* Products */,
			);
			sourceTree = "<group>";
		};
		C1C47094246FB3CC001B8050 /* Products */ = {
			isa = PBXGroup;
			children = (
				C1C47093246FB3CC001B8050 /* KittyCat.app */,
			);
			name = Products;
			sourceTree = "<group>";
		};
		C1C47095246FB3CC001B8050 /* KittyCat */ = {
			isa = PBXGroup;
			children = (
				C1240A3B24701F5B00403416 /* FullImage */,
				C1240A24246FC4CC00403416 /* Extensions */,
				C1240A1D246FBBA800403416 /* Model */,
				C1240A16246FB7D600403416 /* Main.storyboard */,
				C1C470AF246FB497001B8050 /* BreedDetail */,
				C1C470AE246FB48D001B8050 /* Gallery */,
				C1C470AD246FB483001B8050 /* Quiz */,
				C1C470AC246FB47A001B8050 /* BreedsList */,
				C1C47096246FB3CC001B8050 /* AppDelegate.swift */,
				C1C47098246FB3CC001B8050 /* SceneDelegate.swift */,
				C1C470A1246FB3D6001B8050 /* Assets.xcassets */,
				C1C470A3246FB3D6001B8050 /* LaunchScreen.storyboard */,
				C1C470A6246FB3D6001B8050 /* Info.plist */,
				C1240A19246FB7FD00403416 /* NetworkManager.swift */,
			);
			path = KittyCat;
			sourceTree = "<group>";
		};
		C1C470AC246FB47A001B8050 /* BreedsList */ = {
			isa = PBXGroup;
			children = (
				C1240A05246FB4E800403416 /* BreedsListInteractor.swift */,
				C1240A07246FB4F600403416 /* BreedsListPresenter.swift */,
				C1C4709A246FB3CC001B8050 /* BreedsListViewController.swift */,
				C1240A09246FB50700403416 /* BreedsListViewModel.swift */,
				C1240A0B246FB54100403416 /*  BreedsList.storyboard */,
			);
			path = BreedsList;
			sourceTree = "<group>";
		};
		C1C470AD246FB483001B8050 /* Quiz */ = {
			isa = PBXGroup;
			children = (
				C1C4709C246FB3CC001B8050 /* QuizViewController.swift */,
				C1240A0D246FB5DB00403416 /* Quiz.storyboard */,
			);
			path = Quiz;
			sourceTree = "<group>";
		};
		C1C470AE246FB48D001B8050 /* Gallery */ = {
			isa = PBXGroup;
			children = (
				C1240A3524701B2100403416 /* GalleryInteractor.swift */,
				C1240A3724701B2C00403416 /* GalleryPresenter.swift */,
				C1240A11246FB62700403416 /* GalleryViewController.swift */,
				C1240A3924701B3600403416 /* GalleryViewModel.swift */,
				C1240A0F246FB5FB00403416 /* Gallery.storyboard */,
				C1240A312470176E00403416 /* GalleryCollectionViewCell.swift */,
			);
			path = Gallery;
			sourceTree = "<group>";
		};
		C1C470AF246FB497001B8050 /* BreedDetail */ = {
			isa = PBXGroup;
			children = (
				C1240A2B2470109B00403416 /* BreedDetailInteractor.swift */,
				C1240A2D247010A600403416 /* BreedDetailPresenter.swift */,
				C1240A29246FCD1600403416 /* BreedDetailViewController.swift */,
				C1240A2F247010B300403416 /* BreedDetailViewModel.swift */,
				C1240A27246FCC0600403416 /* BreedDetail.storyboard */,
			);
			path = BreedDetail;
			sourceTree = "<group>";
		};
/* End PBXGroup section */

/* Begin PBXNativeTarget section */
		C1C47092246FB3CC001B8050 /* KittyCat */ = {
			isa = PBXNativeTarget;
			buildConfigurationList = C1C470A9246FB3D6001B8050 /* Build configuration list for PBXNativeTarget "KittyCat" */;
			buildPhases = (
				C1C4708F246FB3CC001B8050 /* Sources */,
				C1C47090246FB3CC001B8050 /* Frameworks */,
				C1C47091246FB3CC001B8050 /* Resources */,
			);
			buildRules = (
			);
			dependencies = (
			);
			name = KittyCat;
			productName = KittyCat;
			productReference = C1C47093246FB3CC001B8050 /* KittyCat.app */;
			productType = "com.apple.product-type.application";
		};
/* End PBXNativeTarget section */

/* Begin PBXProject section */
		C1C4708B246FB3CB001B8050 /* Project object */ = {
			isa = PBXProject;
			attributes = {
				LastSwiftUpdateCheck = 1120;
				LastUpgradeCheck = 1120;
				ORGANIZATIONNAME = Viktoria;
				TargetAttributes = {
					C1C47092246FB3CC001B8050 = {
						CreatedOnToolsVersion = 11.2.1;
					};
				};
			};
			buildConfigurationList = C1C4708E246FB3CB001B8050 /* Build configuration list for PBXProject "KittyCat" */;
			compatibilityVersion = "Xcode 9.3";
			developmentRegion = en;
			hasScannedForEncodings = 0;
			knownRegions = (
				en,
				Base,
			);
			mainGroup = C1C4708A246FB3CB001B8050;
			productRefGroup = C1C47094246FB3CC001B8050 /* Products */;
			projectDirPath = "";
			projectRoot = "";
			targets = (
				C1C47092246FB3CC001B8050 /* KittyCat */,
			);
		};
/* End PBXProject section */

/* Begin PBXResourcesBuildPhase section */
		C1C47091246FB3CC001B8050 /* Resources */ = {
			isa = PBXResourcesBuildPhase;
			buildActionMask = 2147483647;
			files = (
				C1C470A5246FB3D6001B8050 /* LaunchScreen.storyboard in Resources */,
				C1240A3D24701F7100403416 /* FullImage.storyboard in Resources */,
				C1240A10246FB5FB00403416 /* Gallery.storyboard in Resources */,
				C1C470A2246FB3D6001B8050 /* Assets.xcassets in Resources */,
				C1240A18246FB7D600403416 /* Main.storyboard in Resources */,
				C1240A0E246FB5DB00403416 /* Quiz.storyboard in Resources */,
				C1240A0C246FB54100403416 /*  BreedsList.storyboard in Resources */,
				C1240A28246FCC0600403416 /* BreedDetail.storyboard in Resources */,
			);
			runOnlyForDeploymentPostprocessing = 0;
		};
/* End PBXResourcesBuildPhase section */

/* Begin PBXSourcesBuildPhase section */
		C1C4708F246FB3CC001B8050 /* Sources */ = {
			isa = PBXSourcesBuildPhase;
			buildActionMask = 2147483647;
			files = (
				C1240A1A246FB7FD00403416 /* NetworkManager.swift in Sources */,
				C1C4709D246FB3CC001B8050 /* QuizViewController.swift in Sources */,
				C1240A26246FC7AD00403416 /* UIImageView.swift in Sources */,
				C1240A1F246FBBB700403416 /* BreedModel.swift in Sources */,
				C1240A21246FBC4F00403416 /* ShortBreedModel.swift in Sources */,
				C1C4709B246FB3CC001B8050 /* BreedsListViewController.swift in Sources */,
				C1240A30247010B300403416 /* BreedDetailViewModel.swift in Sources */,
				C1240A3A24701B3600403416 /* GalleryViewModel.swift in Sources */,
				C1240A3824701B2C00403416 /* GalleryPresenter.swift in Sources */,
				C1240A2C2470109B00403416 /* BreedDetailInteractor.swift in Sources */,
				C1240A23246FC10800403416 /* ApiResponse.swift in Sources */,
				C1C47097246FB3CC001B8050 /* AppDelegate.swift in Sources */,
				C1240A06246FB4E800403416 /* BreedsListInteractor.swift in Sources */,
				C1240A0A246FB50700403416 /* BreedsListViewModel.swift in Sources */,
				C1240A2A246FCD1600403416 /* BreedDetailViewController.swift in Sources */,
				C1240A1C246FBB8E00403416 /* ShortImageModel.swift in Sources */,
				C1240A3F24701F9100403416 /* FullImageViewController.swift in Sources */,
				C1240A12246FB62700403416 /* GalleryViewController.swift in Sources */,
				C1240A332470176F00403416 /* GalleryCollectionViewCell.swift in Sources */,
				C1C47099246FB3CC001B8050 /* SceneDelegate.swift in Sources */,
				C1240A3624701B2100403416 /* GalleryInteractor.swift in Sources */,
				C1240A08246FB4F600403416 /* BreedsListPresenter.swift in Sources */,
				C1240A2E247010A600403416 /* BreedDetailPresenter.swift in Sources */,
			);
			runOnlyForDeploymentPostprocessing = 0;
		};
/* End PBXSourcesBuildPhase section */

/* Begin PBXVariantGroup section */
		C1240A16246FB7D600403416 /* Main.storyboard */ = {
			isa = PBXVariantGroup;
			children = (
				C1240A17246FB7D600403416 /* Base */,
			);
			name = Main.storyboard;
			sourceTree = "<group>";
		};
		C1C470A3246FB3D6001B8050 /* LaunchScreen.storyboard */ = {
			isa = PBXVariantGroup;
			children = (
				C1C470A4246FB3D6001B8050 /* Base */,
			);
			name = LaunchScreen.storyboard;
			sourceTree = "<group>";
		};
/* End PBXVariantGroup section */

/* Begin XCBuildConfiguration section */
		C1C470A7246FB3D6001B8050 /* Debug */ = {
			isa = XCBuildConfiguration;
			buildSettings = {
				ALWAYS_SEARCH_USER_PATHS = NO;
				CLANG_ANALYZER_NONNULL = YES;
				CLANG_ANALYZER_NUMBER_OBJECT_CONVERSION = YES_AGGRESSIVE;
				CLANG_CXX_LANGUAGE_STANDARD = "gnu++14";
				CLANG_CXX_LIBRARY = "libc++";
				CLANG_ENABLE_MODULES = YES;
				CLANG_ENABLE_OBJC_ARC = YES;
				CLANG_ENABLE_OBJC_WEAK = YES;
				CLANG_WARN_BLOCK_CAPTURE_AUTORELEASING = YES;
				CLANG_WARN_BOOL_CONVERSION = YES;
				CLANG_WARN_COMMA = YES;
				CLANG_WARN_CONSTANT_CONVERSION = YES;
				CLANG_WARN_DEPRECATED_OBJC_IMPLEMENTATIONS = YES;
				CLANG_WARN_DIRECT_OBJC_ISA_USAGE = YES_ERROR;
				CLANG_WARN_DOCUMENTATION_COMMENTS = YES;
				CLANG_WARN_EMPTY_BODY = YES;
				CLANG_WARN_ENUM_CONVERSION = YES;
				CLANG_WARN_INFINITE_RECURSION = YES;
				CLANG_WARN_INT_CONVERSION = YES;
				CLANG_WARN_NON_LITERAL_NULL_CONVERSION = YES;
				CLANG_WARN_OBJC_IMPLICIT_RETAIN_SELF = YES;
				CLANG_WARN_OBJC_LITERAL_CONVERSION = YES;
				CLANG_WARN_OBJC_ROOT_CLASS = YES_ERROR;
				CLANG_WARN_RANGE_LOOP_ANALYSIS = YES;
				CLANG_WARN_STRICT_PROTOTYPES = YES;
				CLANG_WARN_SUSPICIOUS_MOVE = YES;
				CLANG_WARN_UNGUARDED_AVAILABILITY = YES_AGGRESSIVE;
				CLANG_WARN_UNREACHABLE_CODE = YES;
				CLANG_WARN__DUPLICATE_METHOD_MATCH = YES;
				COPY_PHASE_STRIP = NO;
				DEBUG_INFORMATION_FORMAT = dwarf;
				ENABLE_STRICT_OBJC_MSGSEND = YES;
				ENABLE_TESTABILITY = YES;
				GCC_C_LANGUAGE_STANDARD = gnu11;
				GCC_DYNAMIC_NO_PIC = NO;
				GCC_NO_COMMON_BLOCKS = YES;
				GCC_OPTIMIZATION_LEVEL = 0;
				GCC_PREPROCESSOR_DEFINITIONS = (
					"DEBUG=1",
					"$(inherited)",
				);
				GCC_WARN_64_TO_32_BIT_CONVERSION = YES;
				GCC_WARN_ABOUT_RETURN_TYPE = YES_ERROR;
				GCC_WARN_UNDECLARED_SELECTOR = YES;
				GCC_WARN_UNINITIALIZED_AUTOS = YES_AGGRESSIVE;
				GCC_WARN_UNUSED_FUNCTION = YES;
				GCC_WARN_UNUSED_VARIABLE = YES;
				IPHONEOS_DEPLOYMENT_TARGET = 13.2;
				MTL_ENABLE_DEBUG_INFO = INCLUDE_SOURCE;
				MTL_FAST_MATH = YES;
				ONLY_ACTIVE_ARCH = YES;
				SDKROOT = iphoneos;
				SWIFT_ACTIVE_COMPILATION_CONDITIONS = DEBUG;
				SWIFT_OPTIMIZATION_LEVEL = "-Onone";
			};
			name = Debug;
		};
		C1C470A8246FB3D6001B8050 /* Release */ = {
			isa = XCBuildConfiguration;
			buildSettings = {
				ALWAYS_SEARCH_USER_PATHS = NO;
				CLANG_ANALYZER_NONNULL = YES;
				CLANG_ANALYZER_NUMBER_OBJECT_CONVERSION = YES_AGGRESSIVE;
				CLANG_CXX_LANGUAGE_STANDARD = "gnu++14";
				CLANG_CXX_LIBRARY = "libc++";
				CLANG_ENABLE_MODULES = YES;
				CLANG_ENABLE_OBJC_ARC = YES;
				CLANG_ENABLE_OBJC_WEAK = YES;
				CLANG_WARN_BLOCK_CAPTURE_AUTORELEASING = YES;
				CLANG_WARN_BOOL_CONVERSION = YES;
				CLANG_WARN_COMMA = YES;
				CLANG_WARN_CONSTANT_CONVERSION = YES;
				CLANG_WARN_DEPRECATED_OBJC_IMPLEMENTATIONS = YES;
				CLANG_WARN_DIRECT_OBJC_ISA_USAGE = YES_ERROR;
				CLANG_WARN_DOCUMENTATION_COMMENTS = YES;
				CLANG_WARN_EMPTY_BODY = YES;
				CLANG_WARN_ENUM_CONVERSION = YES;
				CLANG_WARN_INFINITE_RECURSION = YES;
				CLANG_WARN_INT_CONVERSION = YES;
				CLANG_WARN_NON_LITERAL_NULL_CONVERSION = YES;
				CLANG_WARN_OBJC_IMPLICIT_RETAIN_SELF = YES;
				CLANG_WARN_OBJC_LITERAL_CONVERSION = YES;
				CLANG_WARN_OBJC_ROOT_CLASS = YES_ERROR;
				CLANG_WARN_RANGE_LOOP_ANALYSIS = YES;
				CLANG_WARN_STRICT_PROTOTYPES = YES;
				CLANG_WARN_SUSPICIOUS_MOVE = YES;
				CLANG_WARN_UNGUARDED_AVAILABILITY = YES_AGGRESSIVE;
				CLANG_WARN_UNREACHABLE_CODE = YES;
				CLANG_WARN__DUPLICATE_METHOD_MATCH = YES;
				COPY_PHASE_STRIP = NO;
				DEBUG_INFORMATION_FORMAT = "dwarf-with-dsym";
				ENABLE_NS_ASSERTIONS = NO;
				ENABLE_STRICT_OBJC_MSGSEND = YES;
				GCC_C_LANGUAGE_STANDARD = gnu11;
				GCC_NO_COMMON_BLOCKS = YES;
				GCC_WARN_64_TO_32_BIT_CONVERSION = YES;
				GCC_WARN_ABOUT_RETURN_TYPE = YES_ERROR;
				GCC_WARN_UNDECLARED_SELECTOR = YES;
				GCC_WARN_UNINITIALIZED_AUTOS = YES_AGGRESSIVE;
				GCC_WARN_UNUSED_FUNCTION = YES;
				GCC_WARN_UNUSED_VARIABLE = YES;
				IPHONEOS_DEPLOYMENT_TARGET = 13.2;
				MTL_ENABLE_DEBUG_INFO = NO;
				MTL_FAST_MATH = YES;
				SDKROOT = iphoneos;
				SWIFT_COMPILATION_MODE = wholemodule;
				SWIFT_OPTIMIZATION_LEVEL = "-O";
				VALIDATE_PRODUCT = YES;
			};
			name = Release;
		};
		C1C470AA246FB3D6001B8050 /* Debug */ = {
			isa = XCBuildConfiguration;
			buildSettings = {
				ASSETCATALOG_COMPILER_APPICON_NAME = AppIcon;
				CODE_SIGN_STYLE = Automatic;
				DEVELOPMENT_TEAM = W3922KQM96;
				INFOPLIST_FILE = KittyCat/Info.plist;
				LD_RUNPATH_SEARCH_PATHS = (
					"$(inherited)",
					"@executable_path/Frameworks",
				);
				PRODUCT_BUNDLE_IDENTIFIER = Viktoria.KittyCat;
				PRODUCT_NAME = "$(TARGET_NAME)";
				SWIFT_VERSION = 5.0;
				TARGETED_DEVICE_FAMILY = "1,2";
			};
			name = Debug;
		};
		C1C470AB246FB3D6001B8050 /* Release */ = {
			isa = XCBuildConfiguration;
			buildSettings = {
				ASSETCATALOG_COMPILER_APPICON_NAME = AppIcon;
				CODE_SIGN_STYLE = Automatic;
				DEVELOPMENT_TEAM = W3922KQM96;
				INFOPLIST_FILE = KittyCat/Info.plist;
				LD_RUNPATH_SEARCH_PATHS = (
					"$(inherited)",
					"@executable_path/Frameworks",
				);
				PRODUCT_BUNDLE_IDENTIFIER = Viktoria.KittyCat;
				PRODUCT_NAME = "$(TARGET_NAME)";
				SWIFT_VERSION = 5.0;
				TARGETED_DEVICE_FAMILY = "1,2";
			};
			name = Release;
		};
/* End XCBuildConfiguration section */

/* Begin XCConfigurationList section */
		C1C4708E246FB3CB001B8050 /* Build configuration list for PBXProject "KittyCat" */ = {
			isa = XCConfigurationList;
			buildConfigurations = (
				C1C470A7246FB3D6001B8050 /* Debug */,
				C1C470A8246FB3D6001B8050 /* Release */,
			);
			defaultConfigurationIsVisible = 0;
			defaultConfigurationName = Release;
		};
		C1C470A9246FB3D6001B8050 /* Build configuration list for PBXNativeTarget "KittyCat" */ = {
			isa = XCConfigurationList;
			buildConfigurations = (
				C1C470AA246FB3D6001B8050 /* Debug */,
				C1C470AB246FB3D6001B8050 /* Release */,
			);
			defaultConfigurationIsVisible = 0;
			defaultConfigurationName = Release;
		};
/* End XCConfigurationList section */
	};
	rootObject = C1C4708B246FB3CB001B8050 /* Project object */;
}
